
Microsoft Visual Studio Solution File, Format Version 12.00
# Visual Studio Version 16
VisualStudioVersion = 16.0.29001.49
MinimumVisualStudioVersion = 10.0.40219.1
Project("{FAE04EC0-301F-11D3-BF4B-00C04F79EFBC}") = "Generics", "Generics\Generics.csproj", "{1B422374-4CDE-4011-A7B9-63D97E17EADB}"
EndProject
Global
	GlobalSection(SolutionConfigurationPlatforms) = preSolution
		Debug|Any CPU = Debug|Any CPU
		Release|Any CPU = Release|Any CPU
	EndGlobalSection
	GlobalSection(ProjectConfigurationPlatforms) = postSolution
		{1B422374-4CDE-4011-A7B9-63D97E17EADB}.Debug|Any CPU.ActiveCfg = Debug|Any CPU
		{1B422374-4CDE-4011-A7B9-63D97E17EADB}.Debug|Any CPU.Build.0 = Debug|Any CPU
		{1B422374-4CDE-4011-A7B9-63D97E17EADB}.Release|Any CPU.ActiveCfg = Release|Any CPU
		{1B422374-4CDE-4011-A7B9-63D97E17EADB}.Release|Any CPU.Build.0 = Release|Any CPU
	EndGlobalSection
	GlobalSection(SolutionProperties) = preSolution
		HideSolutionNode = FALSE
	EndGlobalSection
	GlobalSection(ExtensibilityGlobals) = postSolution
		SolutionGuid = {CD00E663-D8FC-4081-B080-D91A7E0D868F}
	EndGlobalSection
EndGlobal
